
Microsoft Visual Studio Solution File, Format Version 12.00
# Visual Studio Version 16
VisualStudioVersion = 16.0.31321.278
MinimumVisualStudioVersion = 10.0.40219.1
Project("{9A19103F-16F7-4668-BE54-9A1E7A4F7556}") = "第三课（变量", "第三课（变量\第三课（变量.csproj", "{54D6F230-846E-4D18-B92C-0A9BDF2EC0D7}"
EndProject
Project("{9A19103F-16F7-4668-BE54-9A1E7A4F7556}") = "第四课 （变量的使用规则", "第四课 （变量的使用规则\第四课 （变量的使用规则.csproj", "{69E7B07F-8ED7-4AA3-B943-129D515D25BE}"
EndProject
Project("{9A19103F-16F7-4668-BE54-9A1E7A4F7556}") = "第五课（变量的命名规范", "第五课（变量的命名规范\第五课（变量的命名规范.csproj", "{73B9D3AB-FFD8-463A-85F6-08F1C067643E}"
EndProject
Project("{9A19103F-16F7-4668-BE54-9A1E7A4F7556}") = "第六课（赋值运算符", "第六课（赋值运算符\第六课（赋值运算符.csproj", "{48F15489-9416-4A4A-885B-CE9444B988D1}"
EndProject
Project("{9A19103F-16F7-4668-BE54-9A1E7A4F7556}") = "第七课（“+”号的使用", "第七课（“+”号的使用\第七课（“+”号的使用.csproj", "{C25B453F-490F-4E45-A266-B246CC57A45B}"
EndProject
Project("{9A19103F-16F7-4668-BE54-9A1E7A4F7556}") = "第七课，两个练习", "第七课，练习\第七课，两个练习.csproj", "{97ECC770-9B35-45E1-A206-BCDC97D0DE98}"
EndProject
Project("{9A19103F-16F7-4668-BE54-9A1E7A4F7556}") = "第八课（占位符的使用", "第八课（占位符的使用\第八课（占位符的使用.csproj", "{0621F3BC-5D63-4A0E-8CF2-62FCB3C97E18}"
EndProject
Project("{9A19103F-16F7-4668-BE54-9A1E7A4F7556}") = "第九课（交换变量", "第九课（交换变量\第九课（交换变量.csproj", "{D7DDA7EB-EA13-4952-A459-4F23EE4494F6}"
EndProject
Project("{9A19103F-16F7-4668-BE54-9A1E7A4F7556}") = "第十课（接收用户的数据", "第十课（接收用户的数据\第十课（接收用户的数据.csproj", "{92CC8654-B18A-4DCF-8A0F-AE26CB564A7F}"
EndProject
Project("{9A19103F-16F7-4668-BE54-9A1E7A4F7556}") = "第十一课（接受用户的输入的练习，回答第10课的练习2", "第十一课（接受用户的输入的练习\第十一课（接受用户的输入的练习，回答第10课的练习2.csproj", "{9CC20C0A-5A65-41A1-9C4A-B32DC5480D49}"
EndProject
Project("{9A19103F-16F7-4668-BE54-9A1E7A4F7556}") = "第十二课（C井中的转义符和@符号的使用", "第十一课（C井中的转义符和@符号的使用\第十二课（C井中的转义符和@符号的使用.csproj", "{2426956E-4422-4C88-B5E9-7E22ADA0A97F}"
EndProject
Project("{9A19103F-16F7-4668-BE54-9A1E7A4F7556}") = "第十三课（算术运算符", "第十三课（算术运算符\第十三课（算术运算符.csproj", "{89BDC55A-59E2-44B0-86E0-6A58F6C57616}"
EndProject
Project("{9A19103F-16F7-4668-BE54-9A1E7A4F7556}") = "第十四课（显示类型转换和隐式类型转换", "第十四课（显示类型转换和隐式类型转换\第十四课（显示类型转换和隐式类型转换.csproj", "{BAB23423-B447-4980-A020-98E6A690B99F}"
EndProject
Project("{9A19103F-16F7-4668-BE54-9A1E7A4F7556}") = "第十五课（类型转换。", "第十五课（类型转换。\第十五课（类型转换。.csproj", "{DCCB54D2-FAA5-4B1A-A869-0AB62BB62522}"
EndProject
Project("{9A19103F-16F7-4668-BE54-9A1E7A4F7556}") = "第十六课（总结+练习题", "第十六课（总结\第十六课（总结+练习题.csproj", "{67A49D54-E573-4CDA-9AE8-650516C7D025}"
EndProject
Project("{2150E333-8FDC-42A3-9474-1A3956D46DE8}") = "第一章（基础", "第一章（基础", "{F94D9442-A00A-4621-9112-14BAA7C069F3}"
EndProject
Project("{2150E333-8FDC-42A3-9474-1A3956D46DE8}") = "第二章（运算符", "第二章（运算符", "{8B3BAB25-5040-42B4-A2F2-8EAB3A2E8C71}"
EndProject
Project("{2150E333-8FDC-42A3-9474-1A3956D46DE8}") = "第三章（流程控制", "第三章（流程控制", "{AC0BE81B-E223-4A88-B78A-A9BC0893124A}"
EndProject
Project("{9A19103F-16F7-4668-BE54-9A1E7A4F7556}") = "第三课（switch-case练习", "第三课（switch-case练习\第三课（switch-case练习.csproj", "{BBAEE80F-2BD6-4B30-8573-B99BAD399BBE}"
EndProject
Project("{9A19103F-16F7-4668-BE54-9A1E7A4F7556}") = "第四课（判断年份练习", "第四课（判断年份练习\第四课（判断年份练习.csproj", "{1AB875B8-F217-4649-ACD6-951223D37686}"
EndProject
Project("{9A19103F-16F7-4668-BE54-9A1E7A4F7556}") = "第二课（加加减减", "第二课（加加减减\第二课（加加减减.csproj", "{618EEC37-1A85-47F9-9F04-6DDE2E439EA4}"
EndProject
Project("{9A19103F-16F7-4668-BE54-9A1E7A4F7556}") = "第三课（关系运算符和逻辑运算符复合赋值运算符", "第三课（关系运算符和逻辑运算符\第三课（关系运算符和逻辑运算符复合赋值运算符.csproj", "{437C797C-5B35-488B-BDD4-E138DFC34E45}"
EndProject
Project("{9A19103F-16F7-4668-BE54-9A1E7A4F7556}") = "第四课（闰年判断练习", "第四课（闰年判断\第四课（闰年判断练习.csproj", "{43C315F7-03D6-41A8-BA6C-552117C52247}"
EndProject
Project("{9A19103F-16F7-4668-BE54-9A1E7A4F7556}") = "第五课（if结构和if-else的练习", "第五课（if结构\第五课（if结构和if-else的练习.csproj", "{72DD7213-FAD0-482B-ACAE-61435FAC904C}"
EndProject
Project("{9A19103F-16F7-4668-BE54-9A1E7A4F7556}") = "第五课练习", "第五课练习\第五课练习.csproj", "{F545CC44-47B6-4B3A-B229-B21F0782CA93}"
EndProject
Project("{9A19103F-16F7-4668-BE54-9A1E7A4F7556}") = "第一课（convert类型转换", "第二个项目，运算符\第一课（convert类型转换.csproj", "{D7B89E6C-7236-4EF9-A9CC-B46C6A4650D6}"
EndProject
Project("{9A19103F-16F7-4668-BE54-9A1E7A4F7556}") = "第一课（异常捕获", "第一课（异常捕获\第一课（异常捕获.csproj", "{8F0215C1-57F7-4268-8757-2A8A614774A3}"
EndProject
Project("{9A19103F-16F7-4668-BE54-9A1E7A4F7556}") = "第二课（Switch-case课程", "第二课（Switch-case课程\第二课（Switch-case课程.csproj", "{05394094-7481-44DB-B2B5-1977BB36E05B}"
EndProject
Project("{9A19103F-16F7-4668-BE54-9A1E7A4F7556}") = "第一课（注释符", "第一课（注释符\第一课（注释符.csproj", "{1011C379-D513-4A7F-9E14-6A2D3E3B36E3}"
EndProject
Project("{2150E333-8FDC-42A3-9474-1A3956D46DE8}") = "自己乱写的项目", "自己乱写的项目", "{F6BC8174-D81E-4428-B939-C45514B5A8F9}"
EndProject
Project("{9A19103F-16F7-4668-BE54-9A1E7A4F7556}") = "借钱", "借钱\借钱.csproj", "{D6C87927-1851-4373-BF58-B4B80A485BEB}"
EndProject
Project("{9A19103F-16F7-4668-BE54-9A1E7A4F7556}") = "第二课：(VS的常用快捷键", "第二课：VS的常用快捷键\第二课：(VS的常用快捷键.csproj", "{D0717464-812E-434E-9812-67D538E51955}"
EndProject
Project("{9A19103F-16F7-4668-BE54-9A1E7A4F7556}") = "第五课（while循环", "第四课（while循环\第五课（while循环.csproj", "{CE475426-F71B-4583-92CF-13457565107D}"
EndProject
Project("{9A19103F-16F7-4668-BE54-9A1E7A4F7556}") = "第六课（break的用法和练习", "第五课（break的用法和练习\第六课（break的用法和练习.csproj", "{BE6150E1-5366-402A-A69A-F0E290ADDC88}"
EndProject
Project("{9A19103F-16F7-4668-BE54-9A1E7A4F7556}") = "第六课（接之前break练习", "第六课（接之前break练习\第六课（接之前break练习.csproj", "{54F56E55-E621-4485-99B2-95BE14D82837}"
EndProject
Project("{FAE04EC0-301F-11D3-BF4B-00C04F79EFBC}") = "第七课（do-while循环", "第七课（do-while循环\第七课（do-while循环.csproj", "{B1F9C548-0BAF-4B3D-8F02-C4B53D764096}"
EndProject
Global
	GlobalSection(SolutionConfigurationPlatforms) = preSolution
		Debug|Any CPU = Debug|Any CPU
		Release|Any CPU = Release|Any CPU
	EndGlobalSection
	GlobalSection(ProjectConfigurationPlatforms) = postSolution
		{54D6F230-846E-4D18-B92C-0A9BDF2EC0D7}.Debug|Any CPU.ActiveCfg = Debug|Any CPU
		{54D6F230-846E-4D18-B92C-0A9BDF2EC0D7}.Debug|Any CPU.Build.0 = Debug|Any CPU
		{54D6F230-846E-4D18-B92C-0A9BDF2EC0D7}.Release|Any CPU.ActiveCfg = Release|Any CPU
		{54D6F230-846E-4D18-B92C-0A9BDF2EC0D7}.Release|Any CPU.Build.0 = Release|Any CPU
		{69E7B07F-8ED7-4AA3-B943-129D515D25BE}.Debug|Any CPU.ActiveCfg = Debug|Any CPU
		{69E7B07F-8ED7-4AA3-B943-129D515D25BE}.Debug|Any CPU.Build.0 = Debug|Any CPU
		{69E7B07F-8ED7-4AA3-B943-129D515D25BE}.Release|Any CPU.ActiveCfg = Release|Any CPU
		{69E7B07F-8ED7-4AA3-B943-129D515D25BE}.Release|Any CPU.Build.0 = Release|Any CPU
		{73B9D3AB-FFD8-463A-85F6-08F1C067643E}.Debug|Any CPU.ActiveCfg = Debug|Any CPU
		{73B9D3AB-FFD8-463A-85F6-08F1C067643E}.Debug|Any CPU.Build.0 = Debug|Any CPU
		{73B9D3AB-FFD8-463A-85F6-08F1C067643E}.Release|Any CPU.ActiveCfg = Release|Any CPU
		{73B9D3AB-FFD8-463A-85F6-08F1C067643E}.Release|Any CPU.Build.0 = Release|Any CPU
		{48F15489-9416-4A4A-885B-CE9444B988D1}.Debug|Any CPU.ActiveCfg = Debug|Any CPU
		{48F15489-9416-4A4A-885B-CE9444B988D1}.Debug|Any CPU.Build.0 = Debug|Any CPU
		{48F15489-9416-4A4A-885B-CE9444B988D1}.Release|Any CPU.ActiveCfg = Release|Any CPU
		{48F15489-9416-4A4A-885B-CE9444B988D1}.Release|Any CPU.Build.0 = Release|Any CPU
		{C25B453F-490F-4E45-A266-B246CC57A45B}.Debug|Any CPU.ActiveCfg = Debug|Any CPU
		{C25B453F-490F-4E45-A266-B246CC57A45B}.Debug|Any CPU.Build.0 = Debug|Any CPU
		{C25B453F-490F-4E45-A266-B246CC57A45B}.Release|Any CPU.ActiveCfg = Release|Any CPU
		{C25B453F-490F-4E45-A266-B246CC57A45B}.Release|Any CPU.Build.0 = Release|Any CPU
		{97ECC770-9B35-45E1-A206-BCDC97D0DE98}.Debug|Any CPU.ActiveCfg = Debug|Any CPU
		{97ECC770-9B35-45E1-A206-BCDC97D0DE98}.Debug|Any CPU.Build.0 = Debug|Any CPU
		{97ECC770-9B35-45E1-A206-BCDC97D0DE98}.Release|Any CPU.ActiveCfg = Release|Any CPU
		{97ECC770-9B35-45E1-A206-BCDC97D0DE98}.Release|Any CPU.Build.0 = Release|Any CPU
		{0621F3BC-5D63-4A0E-8CF2-62FCB3C97E18}.Debug|Any CPU.ActiveCfg = Debug|Any CPU
		{0621F3BC-5D63-4A0E-8CF2-62FCB3C97E18}.Debug|Any CPU.Build.0 = Debug|Any CPU
		{0621F3BC-5D63-4A0E-8CF2-62FCB3C97E18}.Release|Any CPU.ActiveCfg = Release|Any CPU
		{0621F3BC-5D63-4A0E-8CF2-62FCB3C97E18}.Release|Any CPU.Build.0 = Release|Any CPU
		{D7DDA7EB-EA13-4952-A459-4F23EE4494F6}.Debug|Any CPU.ActiveCfg = Debug|Any CPU
		{D7DDA7EB-EA13-4952-A459-4F23EE4494F6}.Debug|Any CPU.Build.0 = Debug|Any CPU
		{D7DDA7EB-EA13-4952-A459-4F23EE4494F6}.Release|Any CPU.ActiveCfg = Release|Any CPU
		{D7DDA7EB-EA13-4952-A459-4F23EE4494F6}.Release|Any CPU.Build.0 = Release|Any CPU
		{92CC8654-B18A-4DCF-8A0F-AE26CB564A7F}.Debug|Any CPU.ActiveCfg = Debug|Any CPU
		{92CC8654-B18A-4DCF-8A0F-AE26CB564A7F}.Debug|Any CPU.Build.0 = Debug|Any CPU
		{92CC8654-B18A-4DCF-8A0F-AE26CB564A7F}.Release|Any CPU.ActiveCfg = Release|Any CPU
		{92CC8654-B18A-4DCF-8A0F-AE26CB564A7F}.Release|Any CPU.Build.0 = Release|Any CPU
		{9CC20C0A-5A65-41A1-9C4A-B32DC5480D49}.Debug|Any CPU.ActiveCfg = Debug|Any CPU
		{9CC20C0A-5A65-41A1-9C4A-B32DC5480D49}.Debug|Any CPU.Build.0 = Debug|Any CPU
		{9CC20C0A-5A65-41A1-9C4A-B32DC5480D49}.Release|Any CPU.ActiveCfg = Release|Any CPU
		{9CC20C0A-5A65-41A1-9C4A-B32DC5480D49}.Release|Any CPU.Build.0 = Release|Any CPU
		{2426956E-4422-4C88-B5E9-7E22ADA0A97F}.Debug|Any CPU.ActiveCfg = Debug|Any CPU
		{2426956E-4422-4C88-B5E9-7E22ADA0A97F}.Debug|Any CPU.Build.0 = Debug|Any CPU
		{2426956E-4422-4C88-B5E9-7E22ADA0A97F}.Release|Any CPU.ActiveCfg = Release|Any CPU
		{2426956E-4422-4C88-B5E9-7E22ADA0A97F}.Release|Any CPU.Build.0 = Release|Any CPU
		{89BDC55A-59E2-44B0-86E0-6A58F6C57616}.Debug|Any CPU.ActiveCfg = Debug|Any CPU
		{89BDC55A-59E2-44B0-86E0-6A58F6C57616}.Debug|Any CPU.Build.0 = Debug|Any CPU
		{89BDC55A-59E2-44B0-86E0-6A58F6C57616}.Release|Any CPU.ActiveCfg = Release|Any CPU
		{89BDC55A-59E2-44B0-86E0-6A58F6C57616}.Release|Any CPU.Build.0 = Release|Any CPU
		{BAB23423-B447-4980-A020-98E6A690B99F}.Debug|Any CPU.ActiveCfg = Debug|Any CPU
		{BAB23423-B447-4980-A020-98E6A690B99F}.Debug|Any CPU.Build.0 = Debug|Any CPU
		{BAB23423-B447-4980-A020-98E6A690B99F}.Release|Any CPU.ActiveCfg = Release|Any CPU
		{BAB23423-B447-4980-A020-98E6A690B99F}.Release|Any CPU.Build.0 = Release|Any CPU
		{DCCB54D2-FAA5-4B1A-A869-0AB62BB62522}.Debug|Any CPU.ActiveCfg = Debug|Any CPU
		{DCCB54D2-FAA5-4B1A-A869-0AB62BB62522}.Debug|Any CPU.Build.0 = Debug|Any CPU
		{DCCB54D2-FAA5-4B1A-A869-0AB62BB62522}.Release|Any CPU.ActiveCfg = Release|Any CPU
		{DCCB54D2-FAA5-4B1A-A869-0AB62BB62522}.Release|Any CPU.Build.0 = Release|Any CPU
		{67A49D54-E573-4CDA-9AE8-650516C7D025}.Debug|Any CPU.ActiveCfg = Debug|Any CPU
		{67A49D54-E573-4CDA-9AE8-650516C7D025}.Debug|Any CPU.Build.0 = Debug|Any CPU
		{67A49D54-E573-4CDA-9AE8-650516C7D025}.Release|Any CPU.ActiveCfg = Release|Any CPU
		{67A49D54-E573-4CDA-9AE8-650516C7D025}.Release|Any CPU.Build.0 = Release|Any CPU
		{BBAEE80F-2BD6-4B30-8573-B99BAD399BBE}.Debug|Any CPU.ActiveCfg = Debug|Any CPU
		{BBAEE80F-2BD6-4B30-8573-B99BAD399BBE}.Debug|Any CPU.Build.0 = Debug|Any CPU
		{BBAEE80F-2BD6-4B30-8573-B99BAD399BBE}.Release|Any CPU.ActiveCfg = Release|Any CPU
		{BBAEE80F-2BD6-4B30-8573-B99BAD399BBE}.Release|Any CPU.Build.0 = Release|Any CPU
		{1AB875B8-F217-4649-ACD6-951223D37686}.Debug|Any CPU.ActiveCfg = Debug|Any CPU
		{1AB875B8-F217-4649-ACD6-951223D37686}.Debug|Any CPU.Build.0 = Debug|Any CPU
		{1AB875B8-F217-4649-ACD6-951223D37686}.Release|Any CPU.ActiveCfg = Release|Any CPU
		{1AB875B8-F217-4649-ACD6-951223D37686}.Release|Any CPU.Build.0 = Release|Any CPU
		{618EEC37-1A85-47F9-9F04-6DDE2E439EA4}.Debug|Any CPU.ActiveCfg = Debug|Any CPU
		{618EEC37-1A85-47F9-9F04-6DDE2E439EA4}.Debug|Any CPU.Build.0 = Debug|Any CPU
		{618EEC37-1A85-47F9-9F04-6DDE2E439EA4}.Release|Any CPU.ActiveCfg = Release|Any CPU
		{618EEC37-1A85-47F9-9F04-6DDE2E439EA4}.Release|Any CPU.Build.0 = Release|Any CPU
		{437C797C-5B35-488B-BDD4-E138DFC34E45}.Debug|Any CPU.ActiveCfg = Debug|Any CPU
		{437C797C-5B35-488B-BDD4-E138DFC34E45}.Debug|Any CPU.Build.0 = Debug|Any CPU
		{437C797C-5B35-488B-BDD4-E138DFC34E45}.Release|Any CPU.ActiveCfg = Release|Any CPU
		{437C797C-5B35-488B-BDD4-E138DFC34E45}.Release|Any CPU.Build.0 = Release|Any CPU
		{43C315F7-03D6-41A8-BA6C-552117C52247}.Debug|Any CPU.ActiveCfg = Debug|Any CPU
		{43C315F7-03D6-41A8-BA6C-552117C52247}.Debug|Any CPU.Build.0 = Debug|Any CPU
		{43C315F7-03D6-41A8-BA6C-552117C52247}.Release|Any CPU.ActiveCfg = Release|Any CPU
		{43C315F7-03D6-41A8-BA6C-552117C52247}.Release|Any CPU.Build.0 = Release|Any CPU
		{72DD7213-FAD0-482B-ACAE-61435FAC904C}.Debug|Any CPU.ActiveCfg = Debug|Any CPU
		{72DD7213-FAD0-482B-ACAE-61435FAC904C}.Debug|Any CPU.Build.0 = Debug|Any CPU
		{72DD7213-FAD0-482B-ACAE-61435FAC904C}.Release|Any CPU.ActiveCfg = Release|Any CPU
		{72DD7213-FAD0-482B-ACAE-61435FAC904C}.Release|Any CPU.Build.0 = Release|Any CPU
		{F545CC44-47B6-4B3A-B229-B21F0782CA93}.Debug|Any CPU.ActiveCfg = Debug|Any CPU
		{F545CC44-47B6-4B3A-B229-B21F0782CA93}.Debug|Any CPU.Build.0 = Debug|Any CPU
		{F545CC44-47B6-4B3A-B229-B21F0782CA93}.Release|Any CPU.ActiveCfg = Release|Any CPU
		{F545CC44-47B6-4B3A-B229-B21F0782CA93}.Release|Any CPU.Build.0 = Release|Any CPU
		{D7B89E6C-7236-4EF9-A9CC-B46C6A4650D6}.Debug|Any CPU.ActiveCfg = Debug|Any CPU
		{D7B89E6C-7236-4EF9-A9CC-B46C6A4650D6}.Debug|Any CPU.Build.0 = Debug|Any CPU
		{D7B89E6C-7236-4EF9-A9CC-B46C6A4650D6}.Release|Any CPU.ActiveCfg = Release|Any CPU
		{D7B89E6C-7236-4EF9-A9CC-B46C6A4650D6}.Release|Any CPU.Build.0 = Release|Any CPU
		{8F0215C1-57F7-4268-8757-2A8A614774A3}.Debug|Any CPU.ActiveCfg = Debug|Any CPU
		{8F0215C1-57F7-4268-8757-2A8A614774A3}.Debug|Any CPU.Build.0 = Debug|Any CPU
		{8F0215C1-57F7-4268-8757-2A8A614774A3}.Release|Any CPU.ActiveCfg = Release|Any CPU
		{8F0215C1-57F7-4268-8757-2A8A614774A3}.Release|Any CPU.Build.0 = Release|Any CPU
		{05394094-7481-44DB-B2B5-1977BB36E05B}.Debug|Any CPU.ActiveCfg = Debug|Any CPU
		{05394094-7481-44DB-B2B5-1977BB36E05B}.Debug|Any CPU.Build.0 = Debug|Any CPU
		{05394094-7481-44DB-B2B5-1977BB36E05B}.Release|Any CPU.ActiveCfg = Release|Any CPU
		{05394094-7481-44DB-B2B5-1977BB36E05B}.Release|Any CPU.Build.0 = Release|Any CPU
		{1011C379-D513-4A7F-9E14-6A2D3E3B36E3}.Debug|Any CPU.ActiveCfg = Debug|Any CPU
		{1011C379-D513-4A7F-9E14-6A2D3E3B36E3}.Debug|Any CPU.Build.0 = Debug|Any CPU
		{1011C379-D513-4A7F-9E14-6A2D3E3B36E3}.Release|Any CPU.ActiveCfg = Release|Any CPU
		{1011C379-D513-4A7F-9E14-6A2D3E3B36E3}.Release|Any CPU.Build.0 = Release|Any CPU
		{D6C87927-1851-4373-BF58-B4B80A485BEB}.Debug|Any CPU.ActiveCfg = Debug|Any CPU
		{D6C87927-1851-4373-BF58-B4B80A485BEB}.Debug|Any CPU.Build.0 = Debug|Any CPU
		{D6C87927-1851-4373-BF58-B4B80A485BEB}.Release|Any CPU.ActiveCfg = Release|Any CPU
		{D6C87927-1851-4373-BF58-B4B80A485BEB}.Release|Any CPU.Build.0 = Release|Any CPU
		{D0717464-812E-434E-9812-67D538E51955}.Debug|Any CPU.ActiveCfg = Debug|Any CPU
		{D0717464-812E-434E-9812-67D538E51955}.Debug|Any CPU.Build.0 = Debug|Any CPU
		{D0717464-812E-434E-9812-67D538E51955}.Release|Any CPU.ActiveCfg = Release|Any CPU
		{D0717464-812E-434E-9812-67D538E51955}.Release|Any CPU.Build.0 = Release|Any CPU
		{CE475426-F71B-4583-92CF-13457565107D}.Debug|Any CPU.ActiveCfg = Debug|Any CPU
		{CE475426-F71B-4583-92CF-13457565107D}.Debug|Any CPU.Build.0 = Debug|Any CPU
		{CE475426-F71B-4583-92CF-13457565107D}.Release|Any CPU.ActiveCfg = Release|Any CPU
		{CE475426-F71B-4583-92CF-13457565107D}.Release|Any CPU.Build.0 = Release|Any CPU
		{BE6150E1-5366-402A-A69A-F0E290ADDC88}.Debug|Any CPU.ActiveCfg = Debug|Any CPU
		{BE6150E1-5366-402A-A69A-F0E290ADDC88}.Debug|Any CPU.Build.0 = Debug|Any CPU
		{BE6150E1-5366-402A-A69A-F0E290ADDC88}.Release|Any CPU.ActiveCfg = Release|Any CPU
		{BE6150E1-5366-402A-A69A-F0E290ADDC88}.Release|Any CPU.Build.0 = Release|Any CPU
		{54F56E55-E621-4485-99B2-95BE14D82837}.Debug|Any CPU.ActiveCfg = Debug|Any CPU
		{54F56E55-E621-4485-99B2-95BE14D82837}.Debug|Any CPU.Build.0 = Debug|Any CPU
		{54F56E55-E621-4485-99B2-95BE14D82837}.Release|Any CPU.ActiveCfg = Release|Any CPU
		{54F56E55-E621-4485-99B2-95BE14D82837}.Release|Any CPU.Build.0 = Release|Any CPU
		{B1F9C548-0BAF-4B3D-8F02-C4B53D764096}.Debug|Any CPU.ActiveCfg = Debug|Any CPU
		{B1F9C548-0BAF-4B3D-8F02-C4B53D764096}.Debug|Any CPU.Build.0 = Debug|Any CPU
		{B1F9C548-0BAF-4B3D-8F02-C4B53D764096}.Release|Any CPU.ActiveCfg = Release|Any CPU
		{B1F9C548-0BAF-4B3D-8F02-C4B53D764096}.Release|Any CPU.Build.0 = Release|Any CPU
	EndGlobalSection
	GlobalSection(SolutionProperties) = preSolution
		HideSolutionNode = FALSE
	EndGlobalSection
	GlobalSection(NestedProjects) = preSolution
		{54D6F230-846E-4D18-B92C-0A9BDF2EC0D7} = {F94D9442-A00A-4621-9112-14BAA7C069F3}
		{69E7B07F-8ED7-4AA3-B943-129D515D25BE} = {F94D9442-A00A-4621-9112-14BAA7C069F3}
		{73B9D3AB-FFD8-463A-85F6-08F1C067643E} = {F94D9442-A00A-4621-9112-14BAA7C069F3}
		{48F15489-9416-4A4A-885B-CE9444B988D1} = {F94D9442-A00A-4621-9112-14BAA7C069F3}
		{C25B453F-490F-4E45-A266-B246CC57A45B} = {F94D9442-A00A-4621-9112-14BAA7C069F3}
		{97ECC770-9B35-45E1-A206-BCDC97D0DE98} = {F94D9442-A00A-4621-9112-14BAA7C069F3}
		{0621F3BC-5D63-4A0E-8CF2-62FCB3C97E18} = {F94D9442-A00A-4621-9112-14BAA7C069F3}
		{D7DDA7EB-EA13-4952-A459-4F23EE4494F6} = {F94D9442-A00A-4621-9112-14BAA7C069F3}
		{92CC8654-B18A-4DCF-8A0F-AE26CB564A7F} = {F94D9442-A00A-4621-9112-14BAA7C069F3}
		{9CC20C0A-5A65-41A1-9C4A-B32DC5480D49} = {F94D9442-A00A-4621-9112-14BAA7C069F3}
		{2426956E-4422-4C88-B5E9-7E22ADA0A97F} = {F94D9442-A00A-4621-9112-14BAA7C069F3}
		{89BDC55A-59E2-44B0-86E0-6A58F6C57616} = {F94D9442-A00A-4621-9112-14BAA7C069F3}
		{BAB23423-B447-4980-A020-98E6A690B99F} = {F94D9442-A00A-4621-9112-14BAA7C069F3}
		{DCCB54D2-FAA5-4B1A-A869-0AB62BB62522} = {F94D9442-A00A-4621-9112-14BAA7C069F3}
		{67A49D54-E573-4CDA-9AE8-650516C7D025} = {F94D9442-A00A-4621-9112-14BAA7C069F3}
		{BBAEE80F-2BD6-4B30-8573-B99BAD399BBE} = {AC0BE81B-E223-4A88-B78A-A9BC0893124A}
		{1AB875B8-F217-4649-ACD6-951223D37686} = {AC0BE81B-E223-4A88-B78A-A9BC0893124A}
		{618EEC37-1A85-47F9-9F04-6DDE2E439EA4} = {8B3BAB25-5040-42B4-A2F2-8EAB3A2E8C71}
		{437C797C-5B35-488B-BDD4-E138DFC34E45} = {8B3BAB25-5040-42B4-A2F2-8EAB3A2E8C71}
		{43C315F7-03D6-41A8-BA6C-552117C52247} = {8B3BAB25-5040-42B4-A2F2-8EAB3A2E8C71}
		{72DD7213-FAD0-482B-ACAE-61435FAC904C} = {8B3BAB25-5040-42B4-A2F2-8EAB3A2E8C71}
		{F545CC44-47B6-4B3A-B229-B21F0782CA93} = {8B3BAB25-5040-42B4-A2F2-8EAB3A2E8C71}
		{D7B89E6C-7236-4EF9-A9CC-B46C6A4650D6} = {8B3BAB25-5040-42B4-A2F2-8EAB3A2E8C71}
		{8F0215C1-57F7-4268-8757-2A8A614774A3} = {AC0BE81B-E223-4A88-B78A-A9BC0893124A}
		{05394094-7481-44DB-B2B5-1977BB36E05B} = {AC0BE81B-E223-4A88-B78A-A9BC0893124A}
		{1011C379-D513-4A7F-9E14-6A2D3E3B36E3} = {F94D9442-A00A-4621-9112-14BAA7C069F3}
		{D6C87927-1851-4373-BF58-B4B80A485BEB} = {F6BC8174-D81E-4428-B939-C45514B5A8F9}
		{D0717464-812E-434E-9812-67D538E51955} = {F94D9442-A00A-4621-9112-14BAA7C069F3}
		{CE475426-F71B-4583-92CF-13457565107D} = {AC0BE81B-E223-4A88-B78A-A9BC0893124A}
		{BE6150E1-5366-402A-A69A-F0E290ADDC88} = {AC0BE81B-E223-4A88-B78A-A9BC0893124A}
		{54F56E55-E621-4485-99B2-95BE14D82837} = {AC0BE81B-E223-4A88-B78A-A9BC0893124A}
		{B1F9C548-0BAF-4B3D-8F02-C4B53D764096} = {AC0BE81B-E223-4A88-B78A-A9BC0893124A}
	EndGlobalSection
	GlobalSection(ExtensibilityGlobals) = postSolution
		SolutionGuid = {B565BF20-192A-4843-BF01-802C438927A7}
	EndGlobalSection
EndGlobal
